
Microsoft Visual Studio Solution File, Format Version 12.00
# Visual Studio Version 16
VisualStudioVersion = 16.0.31205.134
MinimumVisualStudioVersion = 10.0.40219.1
Project("{FAE04EC0-301F-11D3-BF4B-00C04F79EFBC}") = "OnnxSR", "OnnxSR.csproj", "{E692DBD6-05EE-435F-877F-0EE421C4E447}"
EndProject
Global
	GlobalSection(SolutionConfigurationPlatforms) = preSolution
		Debug|Any CPU = Debug|Any CPU
		Release|Any CPU = Release|Any CPU
	EndGlobalSection
	GlobalSection(ProjectConfigurationPlatforms) = postSolution
		{E692DBD6-05EE-435F-877F-0EE421C4E447}.Debug|Any CPU.ActiveCfg = Debug|Any CPU
		{E692DBD6-05EE-435F-877F-0EE421C4E447}.Debug|Any CPU.Build.0 = Debug|Any CPU
		{E692DBD6-05EE-435F-877F-0EE421C4E447}.Release|Any CPU.ActiveCfg = Release|Any CPU
		{E692DBD6-05EE-435F-877F-0EE421C4E447}.Release|Any CPU.Build.0 = Release|Any CPU
	EndGlobalSection
	GlobalSection(SolutionProperties) = preSolution
		HideSolutionNode = FALSE
	EndGlobalSection
	GlobalSection(ExtensibilityGlobals) = postSolution
		SolutionGuid = {AC7075E6-5591-486F-87A7-B5F713AE7B91}
	EndGlobalSection
EndGlobal
